// !$*UTF8*$!
{
	archiveVersion = 1;
	classes = {
	};
	objectVersion = 46;
	objects = {

/* Begin PBXBuildFile section */
		49D57DE81C02EE8D00403EBF /* main.m in Sources */ = {isa = PBXBuildFile; fileRef = 49D57DE71C02EE8D00403EBF /* main.m */; };
		49D57DF01C02EF2100403EBF /* MyFunction.m in Sources */ = {isa = PBXBuildFile; fileRef = 49D57DEF1C02EF2100403EBF /* MyFunction.m */; };
/* End PBXBuildFile section */

/* Begin PBXCopyFilesBuildPhase section */
		49D57DE21C02EE8D00403EBF /* CopyFiles */ = {
			isa = PBXCopyFilesBuildPhase;
			buildActionMask = 2147483647;
			dstPath = /usr/share/man/man1/;
			dstSubfolderSpec = 0;
			files = (
			);
			runOnlyForDeploymentPostprocessing = 1;
		};
/* End PBXCopyFilesBuildPhase section */

/* Begin PBXFileReference section */
		49D57DE41C02EE8D00403EBF /* C05_2函数 */ = {isa = PBXFileReference; explicitFileType = "compiled.mach-o.executable"; includeInIndex = 0; path = "C05_2函数"; sourceTree = BUILT_PRODUCTS_DIR; };
		49D57DE71C02EE8D00403EBF /* main.m */ = {isa = PBXFileReference; lastKnownFileType = sourcecode.c.objc; path = main.m; sourceTree = "<group>"; };
		49D57DEE1C02EF2100403EBF /* MyFunction.h */ = {isa = PBXFileReference; fileEncoding = 4; lastKnownFileType = sourcecode.c.h; path = MyFunction.h; sourceTree = "<group>"; };
		49D57DEF1C02EF2100403EBF /* MyFunction.m */ = {isa = PBXFileReference; fileEncoding = 4; lastKnownFileType = sourcecode.c.objc; path = MyFunction.m; sourceTree = "<group>"; };
/* End PBXFileReference section */

/* Begin PBXFrameworksBuildPhase section */
		49D57DE11C02EE8D00403EBF /* Frameworks */ = {
			isa = PBXFrameworksBuildPhase;
			buildActionMask = 2147483647;
			files = (
			);
			runOnlyForDeploymentPostprocessing = 0;
		};
/* End PBXFrameworksBuildPhase section */

/* Begin PBXGroup section */
		49D57DDB1C02EE8D00403EBF = {
			isa = PBXGroup;
			children = (
				49D57DE61C02EE8D00403EBF /* C05_2函数 */,
				49D57DE51C02EE8D00403EBF /* Products */,
			);
			sourceTree = "<group>";
		};
		49D57DE51C02EE8D00403EBF /* Products */ = {
			isa = PBXGroup;
			children = (
				49D57DE41C02EE8D00403EBF /* C05_2函数 */,
			);
			name = Products;
			sourceTree = "<group>";
		};
		49D57DE61C02EE8D00403EBF /* C05_2函数 */ = {
			isa = PBXGroup;
			children = (
				49D57DE71C02EE8D00403EBF /* main.m */,
				49D57DEE1C02EF2100403EBF /* MyFunction.h */,
				49D57DEF1C02EF2100403EBF /* MyFunction.m */,
			);
			path = "C05_2函数";
			sourceTree = "<group>";
		};
/* End PBXGroup section */

/* Begin PBXNativeTarget section */
		49D57DE31C02EE8D00403EBF /* C05_2函数 */ = {
			isa = PBXNativeTarget;
			buildConfigurationList = 49D57DEB1C02EE8D00403EBF /* Build configuration list for PBXNativeTarget "C05_2函数" */;
			buildPhases = (
				49D57DE01C02EE8D00403EBF /* Sources */,
				49D57DE11C02EE8D00403EBF /* Frameworks */,
				49D57DE21C02EE8D00403EBF /* CopyFiles */,
			);
			buildRules = (
			);
			dependencies = (
			);
			name = "C05_2函数";
			productName = "C05_2函数";
			productReference = 49D57DE41C02EE8D00403EBF /* C05_2函数 */;
			productType = "com.apple.product-type.tool";
		};
/* End PBXNativeTarget section */

/* Begin PBXProject section */
		49D57DDC1C02EE8D00403EBF /* Project object */ = {
			isa = PBXProject;
			attributes = {
				LastUpgradeCheck = 0710;
				ORGANIZATIONNAME = "doll-61";
				TargetAttributes = {
					49D57DE31C02EE8D00403EBF = {
						CreatedOnToolsVersion = 7.1;
					};
				};
			};
			buildConfigurationList = 49D57DDF1C02EE8D00403EBF /* Build configuration list for PBXProject "C05_2函数" */;
			compatibilityVersion = "Xcode 3.2";
			developmentRegion = English;
			hasScannedForEncodings = 0;
			knownRegions = (
				en,
			);
			mainGroup = 49D57DDB1C02EE8D00403EBF;
			productRefGroup = 49D57DE51C02EE8D00403EBF /* Products */;
			projectDirPath = "";
			projectRoot = "";
			targets = (
				49D57DE31C02EE8D00403EBF /* C05_2函数 */,
			);
		};
/* End PBXProject section */

/* Begin PBXSourcesBuildPhase section */
		49D57DE01C02EE8D00403EBF /* Sources */ = {
			isa = PBXSourcesBuildPhase;
			buildActionMask = 2147483647;
			files = (
				49D57DE81C02EE8D00403EBF /* main.m in Sources */,
				49D57DF01C02EF2100403EBF /* MyFunction.m in Sources */,
			);
			runOnlyForDeploymentPostprocessing = 0;
		};
/* End PBXSourcesBuildPhase section */

/* Begin XCBuildConfiguration section */
		49D57DE91C02EE8D00403EBF /* Debug */ = {
			isa = XCBuildConfiguration;
			buildSettings = {
				ALWAYS_SEARCH_USER_PATHS = NO;
				CLANG_CXX_LANGUAGE_STANDARD = "gnu++0x";
				CLANG_CXX_LIBRARY = "libc++";
				CLANG_ENABLE_MODULES = YES;
				CLANG_ENABLE_OBJC_ARC = YES;
				CLANG_WARN_BOOL_CONVERSION = YES;
				CLANG_WARN_CONSTANT_CONVERSION = YES;
				CLANG_WARN_DIRECT_OBJC_ISA_USAGE = YES_ERROR;
				CLANG_WARN_EMPTY_BODY = YES;
				CLANG_WARN_ENUM_CONVERSION = YES;
				CLANG_WARN_INT_CONVERSION = YES;
				CLANG_WARN_OBJC_ROOT_CLASS = YES_ERROR;
				CLANG_WARN_UNREACHABLE_CODE = YES;
				CLANG_WARN__DUPLICATE_METHOD_MATCH = YES;
				CODE_SIGN_IDENTITY = "-";
				COPY_PHASE_STRIP = NO;
				DEBUG_INFORMATION_FORMAT = dwarf;
				ENABLE_STRICT_OBJC_MSGSEND = YES;
				ENABLE_TESTABILITY = YES;
				GCC_C_LANGUAGE_STANDARD = gnu99;
				GCC_DYNAMIC_NO_PIC = NO;
				GCC_NO_COMMON_BLOCKS = YES;
				GCC_OPTIMIZATION_LEVEL = 0;
				GCC_PREPROCESSOR_DEFINITIONS = (
					"DEBUG=1",
					"$(inherited)",
				);
				GCC_WARN_64_TO_32_BIT_CONVERSION = YES;
				GCC_WARN_ABOUT_RETURN_TYPE = YES_ERROR;
				GCC_WARN_UNDECLARED_SELECTOR = YES;
				GCC_WARN_UNINITIALIZED_AUTOS = YES_AGGRESSIVE;
				GCC_WARN_UNUSED_FUNCTION = YES;
				GCC_WARN_UNUSED_VARIABLE = YES;
				MACOSX_DEPLOYMENT_TARGET = 10.11;
				MTL_ENABLE_DEBUG_INFO = YES;
				ONLY_ACTIVE_ARCH = YES;
				SDKROOT = macosx;
			};
			name = Debug;
		};
		49D57DEA1C02EE8D00403EBF /* Release */ = {
			isa = XCBuildConfiguration;
			buildSettings = {
				ALWAYS_SEARCH_USER_PATHS = NO;
				CLANG_CXX_LANGUAGE_STANDARD = "gnu++0x";
				CLANG_CXX_LIBRARY = "libc++";
				CLANG_ENABLE_MODULES = YES;
				CLANG_ENABLE_OBJC_ARC = YES;
				CLANG_WARN_BOOL_CONVERSION = YES;
				CLANG_WARN_CONSTANT_CONVERSION = YES;
				CLANG_WARN_DIRECT_OBJC_ISA_USAGE = YES_ERROR;
				CLANG_WARN_EMPTY_BODY = YES;
				CLANG_WARN_ENUM_CONVERSION = YES;
				CLANG_WARN_INT_CONVERSION = YES;
				CLANG_WARN_OBJC_ROOT_CLASS = YES_ERROR;
				CLANG_WARN_UNREACHABLE_CODE = YES;
				CLANG_WARN__DUPLICATE_METHOD_MATCH = YES;
				CODE_SIGN_IDENTITY = "-";
				COPY_PHASE_STRIP = NO;
				DEBUG_INFORMATION_FORMAT = "dwarf-with-dsym";
				ENABLE_NS_ASSERTIONS = NO;
				ENABLE_STRICT_OBJC_MSGSEND = YES;
				GCC_C_LANGUAGE_STANDARD = gnu99;
				GCC_NO_COMMON_BLOCKS = YES;
				GCC_WARN_64_TO_32_BIT_CONVERSION = YES;
				GCC_WARN_ABOUT_RETURN_TYPE = YES_ERROR;
				GCC_WARN_UNDECLARED_SELECTOR = YES;
				GCC_WARN_UNINITIALIZED_AUTOS = YES_AGGRESSIVE;
				GCC_WARN_UNUSED_FUNCTION = YES;
				GCC_WARN_UNUSED_VARIABLE = YES;
				MACOSX_DEPLOYMENT_TARGET = 10.11;
				MTL_ENABLE_DEBUG_INFO = NO;
				SDKROOT = macosx;
			};
			name = Release;
		};
		49D57DEC1C02EE8D00403EBF /* Debug */ = {
			isa = XCBuildConfiguration;
			buildSettings = {
				PRODUCT_NAME = "$(TARGET_NAME)";
			};
			name = Debug;
		};
		49D57DED1C02EE8D00403EBF /* Release */ = {
			isa = XCBuildConfiguration;
			buildSettings = {
				PRODUCT_NAME = "$(TARGET_NAME)";
			};
			name = Release;
		};
/* End XCBuildConfiguration section */

/* Begin XCConfigurationList section */
		49D57DDF1C02EE8D00403EBF /* Build configuration list for PBXProject "C05_2函数" */ = {
			isa = XCConfigurationList;
			buildConfigurations = (
				49D57DE91C02EE8D00403EBF /* Debug */,
				49D57DEA1C02EE8D00403EBF /* Release */,
			);
			defaultConfigurationIsVisible = 0;
			defaultConfigurationName = Release;
		};
		49D57DEB1C02EE8D00403EBF /* Build configuration list for PBXNativeTarget "C05_2函数" */ = {
			isa = XCConfigurationList;
			buildConfigurations = (
				49D57DEC1C02EE8D00403EBF /* Debug */,
				49D57DED1C02EE8D00403EBF /* Release */,
			);
			defaultConfigurationIsVisible = 0;
		};
/* End XCConfigurationList section */
	};
	rootObject = 49D57DDC1C02EE8D00403EBF /* Project object */;
}
